<?xml version="1.0" encoding="utf-8"?>
<Project ToolsVersion="4.0" xmlns="http://schemas.microsoft.com/developer/msbuild/2003">
  <ItemGroup>
    <Filter Include="Mile.Mobility">
      <UniqueIdentifier>{77887ea6-1be5-4389-b5e3-e8d206f00615}</UniqueIdentifier>
    </Filter>
    <Filter Include="Mile.HyperV">
      <UniqueIdentifier>{b545997b-86d5-400c-9cf2-bdc5e68a10ea}</UniqueIdentifier>
    </Filter>
    <Filter Include="Mile.Posix.Helpers">
      <UniqueIdentifier>{0a373378-d1fa-40d1-85d6-069fefa7237e}</UniqueIdentifier>
    </Filter>
  </ItemGroup>
  <ItemGroup>
    <ClInclude Include="Mile.Mobility\Mile.Mobility.Portable.Types.h">
      <Filter>Mile.Mobility</Filter>
    </ClInclude>
    <ClInclude Include="Mile.HyperV\Mile.HyperV.Guest.Protocols.h">
      <Filter>Mile.HyperV</Filter>
    </ClInclude>
    <ClInclude Include="Mile.HyperV\Mile.HyperV.Portable.Types.h">
      <Filter>Mile.HyperV</Filter>
    </ClInclude>
    <ClInclude Include="Mile.HyperV\Mile.HyperV.TLFS.h">
      <Filter>Mile.HyperV</Filter>
    </ClInclude>
    <ClInclude Include="Mile.HyperV\Mile.HyperV.VMBus.h">
      <Filter>Mile.HyperV</Filter>
    </ClInclude>
    <ClInclude Include="Mile.HyperV\Mile.HyperV.Guest.Interface.h">
      <Filter>Mile.HyperV</Filter>
    </ClInclude>
    <ClInclude Include="Mile.Posix.Helpers\Mile.Helpers.CppBase.h">
      <Filter>Mile.Posix.Helpers</Filter>
    </ClInclude>
  </ItemGroup>
  <ItemGroup>
    <ClCompile Include="Mile.Posix.Helpers\Mile.Helpers.CppBase.cpp">
      <Filter>Mile.Posix.Helpers</Filter>
    </ClCompile>
    <ClCompile Include="main.cpp" />
  </ItemGroup>
</Project>